
Microsoft Visual Studio Solution File, Format Version 12.00
# Visual Studio Version 17
VisualStudioVersion = 17.9.34622.214
MinimumVisualStudioVersion = 10.0.40219.1
Project("{FAE04EC0-301F-11D3-BF4B-00C04F79EFBC}") = "DrinkAndGo", "DrinkAndGo.csproj", "{68F3E620-C6E7-4F25-B485-F999E15516BD}"
EndProject
Global
	GlobalSection(SolutionConfigurationPlatforms) = preSolution
		Debug|Any CPU = Debug|Any CPU
		Release|Any CPU = Release|Any CPU
	EndGlobalSection
	GlobalSection(ProjectConfigurationPlatforms) = postSolution
		{68F3E620-C6E7-4F25-B485-F999E15516BD}.Debug|Any CPU.ActiveCfg = Debug|Any CPU
		{68F3E620-C6E7-4F25-B485-F999E15516BD}.Debug|Any CPU.Build.0 = Debug|Any CPU
		{68F3E620-C6E7-4F25-B485-F999E15516BD}.Release|Any CPU.ActiveCfg = Release|Any CPU
		{68F3E620-C6E7-4F25-B485-F999E15516BD}.Release|Any CPU.Build.0 = Release|Any CPU
	EndGlobalSection
	GlobalSection(SolutionProperties) = preSolution
		HideSolutionNode = FALSE
	EndGlobalSection
	GlobalSection(ExtensibilityGlobals) = postSolution
		SolutionGuid = {21524B83-8704-4845-AC94-BF9925B485B0}
	EndGlobalSection
EndGlobal
